# This file is automatically @generated by Poetry 1.4.0 and should not be changed by hand.

[[package]]
name = "lzallright"
version = "0.1.0"
description = ""
category = "main"
optional = false
python-versions = ">=3.8"
files = [
    {file = "lzallright-0.1.0-cp38-abi3-macosx_10_9_x86_64.whl", hash = "sha256:6d4dbdcd418c26ac735a9d4af5d103905cf8ffe86f044cc5cae46f3af9131e01"},
    {file = "lzallright-0.1.0-cp38-abi3-macosx_11_0_arm64.whl", hash = "sha256:befa51352f9d3034b8ddaa41431022a87dc2c174ea61e7f224efd83618a48990"},
    {file = "lzallright-0.1.0-cp38-abi3-manylinux_2_17_aarch64.manylinux2014_aarch64.whl", hash = "sha256:18f2aba8438dbef22067760fc75903f4af80cc5a48f5a97f512c1bce12042a49"},
    {file = "lzallright-0.1.0-cp38-abi3-manylinux_2_17_x86_64.manylinux2014_x86_64.whl", hash = "sha256:7844879cb2dbdf66920915ae2cd890e1429388e116b0fe65a308b59b3d5a765d"},
    {file = "lzallright-0.1.0-cp38-abi3-manylinux_2_5_i686.manylinux1_i686.whl", hash = "sha256:0ff879402696459222ef9e9837efa93d401f141faf88282d838a83a74d108327"},
    {file = "lzallright-0.1.0-cp38-abi3-win32.whl", hash = "sha256:7c209154c4dcda190ad043f04c18f4b878a7ef3ad33c65799551937b7c1c2a3c"},
    {file = "lzallright-0.1.0-cp38-abi3-win_amd64.whl", hash = "sha256:01b4161c0b87295934f8ed1e3f6b65463942e4a7bc82359dd456ef76faa69f34"},
    {file = "lzallright-0.1.0.tar.gz", hash = "sha256:0de7e0fe110650a79c1e1fca10a188da5b6fc6b2f3730c69dc411782e3b4923a"},
]

[metadata]
lock-version = "2.0"
python-versions = "^3.8"
content-hash = "56aada67c1709383460f6cd9aed3aa150be487dddd71f92c43618412ef26148c"
