version = 1
revision = 2
requires-python = ">=3.9"

[[package]]
name = "cffi"
version = "1.17.1"
source = { registry = "https://pypi.org/simple" }
dependencies = [
    { name = "pycparser" },
]
sdist = { url = "https://files.pythonhosted.org/packages/fc/97/c783634659c2920c3fc70419e3af40972dbaf758daa229a7d6ea6135c90d/cffi-1.17.1.tar.gz", hash = "sha256:1c39c6016c32bc48dd54561950ebd6836e1670f2ae46128f67cf49e789c52824", size = 516621, upload-time = "2024-09-04T20:45:21.852Z" }
wheels = [
    { url = "https://files.pythonhosted.org/packages/90/07/f44ca684db4e4f08a3fdc6eeb9a0d15dc6883efc7b8c90357fdbf74e186c/cffi-1.17.1-cp310-cp310-macosx_10_9_x86_64.whl", hash = "sha256:df8b1c11f177bc2313ec4b2d46baec87a5f3e71fc8b45dab2ee7cae86d9aba14", size = 182191, upload-time = "2024-09-04T20:43:30.027Z" },
    { url = "https://files.pythonhosted.org/packages/08/fd/cc2fedbd887223f9f5d170c96e57cbf655df9831a6546c1727ae13fa977a/cffi-1.17.1-cp310-cp310-macosx_11_0_arm64.whl", hash = "sha256:8f2cdc858323644ab277e9bb925ad72ae0e67f69e804f4898c070998d50b1a67", size = 178592, upload-time = "2024-09-04T20:43:32.108Z" },
    { url = "https://files.pythonhosted.org/packages/de/cc/4635c320081c78d6ffc2cab0a76025b691a91204f4aa317d568ff9280a2d/cffi-1.17.1-cp310-cp310-manylinux_2_12_i686.manylinux2010_i686.manylinux_2_17_i686.manylinux2014_i686.whl", hash = "sha256:edae79245293e15384b51f88b00613ba9f7198016a5948b5dddf4917d4d26382", size = 426024, upload-time = "2024-09-04T20:43:34.186Z" },
    { url = "https://files.pythonhosted.org/packages/b6/7b/3b2b250f3aab91abe5f8a51ada1b717935fdaec53f790ad4100fe2ec64d1/cffi-1.17.1-cp310-cp310-manylinux_2_17_aarch64.manylinux2014_aarch64.whl", hash = "sha256:45398b671ac6d70e67da8e4224a065cec6a93541bb7aebe1b198a61b58c7b702", size = 448188, upload-time = "2024-09-04T20:43:36.286Z" },
    { url = "https://files.pythonhosted.org/packages/d3/48/1b9283ebbf0ec065148d8de05d647a986c5f22586b18120020452fff8f5d/cffi-1.17.1-cp310-cp310-manylinux_2_17_ppc64le.manylinux2014_ppc64le.whl", hash = "sha256:ad9413ccdeda48c5afdae7e4fa2192157e991ff761e7ab8fdd8926f40b160cc3", size = 455571, upload-time = "2024-09-04T20:43:38.586Z" },
    { url = "https://files.pythonhosted.org/packages/40/87/3b8452525437b40f39ca7ff70276679772ee7e8b394934ff60e63b7b090c/cffi-1.17.1-cp310-cp310-manylinux_2_17_s390x.manylinux2014_s390x.whl", hash = "sha256:5da5719280082ac6bd9aa7becb3938dc9f9cbd57fac7d2871717b1feb0902ab6", size = 436687, upload-time = "2024-09-04T20:43:40.084Z" },
    { url = "https://files.pythonhosted.org/packages/8d/fb/4da72871d177d63649ac449aec2e8a29efe0274035880c7af59101ca2232/cffi-1.17.1-cp310-cp310-manylinux_2_17_x86_64.manylinux2014_x86_64.whl", hash = "sha256:2bb1a08b8008b281856e5971307cc386a8e9c5b625ac297e853d36da6efe9c17", size = 446211, upload-time = "2024-09-04T20:43:41.526Z" },
    { url = "https://files.pythonhosted.org/packages/ab/a0/62f00bcb411332106c02b663b26f3545a9ef136f80d5df746c05878f8c4b/cffi-1.17.1-cp310-cp310-musllinux_1_1_aarch64.whl", hash = "sha256:045d61c734659cc045141be4bae381a41d89b741f795af1dd018bfb532fd0df8", size = 461325, upload-time = "2024-09-04T20:43:43.117Z" },
    { url = "https://files.pythonhosted.org/packages/36/83/76127035ed2e7e27b0787604d99da630ac3123bfb02d8e80c633f218a11d/cffi-1.17.1-cp310-cp310-musllinux_1_1_i686.whl", hash = "sha256:6883e737d7d9e4899a8a695e00ec36bd4e5e4f18fabe0aca0efe0a4b44cdb13e", size = 438784, upload-time = "2024-09-04T20:43:45.256Z" },
    { url = "https://files.pythonhosted.org/packages/21/81/a6cd025db2f08ac88b901b745c163d884641909641f9b826e8cb87645942/cffi-1.17.1-cp310-cp310-musllinux_1_1_x86_64.whl", hash = "sha256:6b8b4a92e1c65048ff98cfe1f735ef8f1ceb72e3d5f0c25fdb12087a23da22be", size = 461564, upload-time = "2024-09-04T20:43:46.779Z" },
    { url = "https://files.pythonhosted.org/packages/f8/fe/4d41c2f200c4a457933dbd98d3cf4e911870877bd94d9656cc0fcb390681/cffi-1.17.1-cp310-cp310-win32.whl", hash = "sha256:c9c3d058ebabb74db66e431095118094d06abf53284d9c81f27300d0e0d8bc7c", size = 171804, upload-time = "2024-09-04T20:43:48.186Z" },
    { url = "https://files.pythonhosted.org/packages/d1/b6/0b0f5ab93b0df4acc49cae758c81fe4e5ef26c3ae2e10cc69249dfd8b3ab/cffi-1.17.1-cp310-cp310-win_amd64.whl", hash = "sha256:0f048dcf80db46f0098ccac01132761580d28e28bc0f78ae0d58048063317e15", size = 181299, upload-time = "2024-09-04T20:43:49.812Z" },
    { url = "https://files.pythonhosted.org/packages/6b/f4/927e3a8899e52a27fa57a48607ff7dc91a9ebe97399b357b85a0c7892e00/cffi-1.17.1-cp311-cp311-macosx_10_9_x86_64.whl", hash = "sha256:a45e3c6913c5b87b3ff120dcdc03f6131fa0065027d0ed7ee6190736a74cd401", size = 182264, upload-time = "2024-09-04T20:43:51.124Z" },
    { url = "https://files.pythonhosted.org/packages/6c/f5/6c3a8efe5f503175aaddcbea6ad0d2c96dad6f5abb205750d1b3df44ef29/cffi-1.17.1-cp311-cp311-macosx_11_0_arm64.whl", hash = "sha256:30c5e0cb5ae493c04c8b42916e52ca38079f1b235c2f8ae5f4527b963c401caf", size = 178651, upload-time = "2024-09-04T20:43:52.872Z" },
    { url = "https://files.pythonhosted.org/packages/94/dd/a3f0118e688d1b1a57553da23b16bdade96d2f9bcda4d32e7d2838047ff7/cffi-1.17.1-cp311-cp311-manylinux_2_12_i686.manylinux2010_i686.manylinux_2_17_i686.manylinux2014_i686.whl", hash = "sha256:f75c7ab1f9e4aca5414ed4d8e5c0e303a34f4421f8a0d47a4d019ceff0ab6af4", size = 445259, upload-time = "2024-09-04T20:43:56.123Z" },
    { url = "https://files.pythonhosted.org/packages/2e/ea/70ce63780f096e16ce8588efe039d3c4f91deb1dc01e9c73a287939c79a6/cffi-1.17.1-cp311-cp311-manylinux_2_17_aarch64.manylinux2014_aarch64.whl", hash = "sha256:a1ed2dd2972641495a3ec98445e09766f077aee98a1c896dcb4ad0d303628e41", size = 469200, upload-time = "2024-09-04T20:43:57.891Z" },
    { url = "https://files.pythonhosted.org/packages/1c/a0/a4fa9f4f781bda074c3ddd57a572b060fa0df7655d2a4247bbe277200146/cffi-1.17.1-cp311-cp311-manylinux_2_17_ppc64le.manylinux2014_ppc64le.whl", hash = "sha256:46bf43160c1a35f7ec506d254e5c890f3c03648a4dbac12d624e4490a7046cd1", size = 477235, upload-time = "2024-09-04T20:44:00.18Z" },
    { url = "https://files.pythonhosted.org/packages/62/12/ce8710b5b8affbcdd5c6e367217c242524ad17a02fe5beec3ee339f69f85/cffi-1.17.1-cp311-cp311-manylinux_2_17_s390x.manylinux2014_s390x.whl", hash = "sha256:a24ed04c8ffd54b0729c07cee15a81d964e6fee0e3d4d342a27b020d22959dc6", size = 459721, upload-time = "2024-09-04T20:44:01.585Z" },
    { url = "https://files.pythonhosted.org/packages/ff/6b/d45873c5e0242196f042d555526f92aa9e0c32355a1be1ff8c27f077fd37/cffi-1.17.1-cp311-cp311-manylinux_2_17_x86_64.manylinux2014_x86_64.whl", hash = "sha256:610faea79c43e44c71e1ec53a554553fa22321b65fae24889706c0a84d4ad86d", size = 467242, upload-time = "2024-09-04T20:44:03.467Z" },
    { url = "https://files.pythonhosted.org/packages/1a/52/d9a0e523a572fbccf2955f5abe883cfa8bcc570d7faeee06336fbd50c9fc/cffi-1.17.1-cp311-cp311-musllinux_1_1_aarch64.whl", hash = "sha256:a9b15d491f3ad5d692e11f6b71f7857e7835eb677955c00cc0aefcd0669adaf6", size = 477999, upload-time = "2024-09-04T20:44:05.023Z" },
    { url = "https://files.pythonhosted.org/packages/44/74/f2a2460684a1a2d00ca799ad880d54652841a780c4c97b87754f660c7603/cffi-1.17.1-cp311-cp311-musllinux_1_1_i686.whl", hash = "sha256:de2ea4b5833625383e464549fec1bc395c1bdeeb5f25c4a3a82b5a8c756ec22f", size = 454242, upload-time = "2024-09-04T20:44:06.444Z" },
    { url = "https://files.pythonhosted.org/packages/f8/4a/34599cac7dfcd888ff54e801afe06a19c17787dfd94495ab0c8d35fe99fb/cffi-1.17.1-cp311-cp311-musllinux_1_1_x86_64.whl", hash = "sha256:fc48c783f9c87e60831201f2cce7f3b2e4846bf4d8728eabe54d60700b318a0b", size = 478604, upload-time = "2024-09-04T20:44:08.206Z" },
    { url = "https://files.pythonhosted.org/packages/34/33/e1b8a1ba29025adbdcda5fb3a36f94c03d771c1b7b12f726ff7fef2ebe36/cffi-1.17.1-cp311-cp311-win32.whl", hash = "sha256:85a950a4ac9c359340d5963966e3e0a94a676bd6245a4b55bc43949eee26a655", size = 171727, upload-time = "2024-09-04T20:44:09.481Z" },
    { url = "https://files.pythonhosted.org/packages/3d/97/50228be003bb2802627d28ec0627837ac0bf35c90cf769812056f235b2d1/cffi-1.17.1-cp311-cp311-win_amd64.whl", hash = "sha256:caaf0640ef5f5517f49bc275eca1406b0ffa6aa184892812030f04c2abf589a0", size = 181400, upload-time = "2024-09-04T20:44:10.873Z" },
    { url = "https://files.pythonhosted.org/packages/5a/84/e94227139ee5fb4d600a7a4927f322e1d4aea6fdc50bd3fca8493caba23f/cffi-1.17.1-cp312-cp312-macosx_10_9_x86_64.whl", hash = "sha256:805b4371bf7197c329fcb3ead37e710d1bca9da5d583f5073b799d5c5bd1eee4", size = 183178, upload-time = "2024-09-04T20:44:12.232Z" },
    { url = "https://files.pythonhosted.org/packages/da/ee/fb72c2b48656111c4ef27f0f91da355e130a923473bf5ee75c5643d00cca/cffi-1.17.1-cp312-cp312-macosx_11_0_arm64.whl", hash = "sha256:733e99bc2df47476e3848417c5a4540522f234dfd4ef3ab7fafdf555b082ec0c", size = 178840, upload-time = "2024-09-04T20:44:13.739Z" },
    { url = "https://files.pythonhosted.org/packages/cc/b6/db007700f67d151abadf508cbfd6a1884f57eab90b1bb985c4c8c02b0f28/cffi-1.17.1-cp312-cp312-manylinux_2_12_i686.manylinux2010_i686.manylinux_2_17_i686.manylinux2014_i686.whl", hash = "sha256:1257bdabf294dceb59f5e70c64a3e2f462c30c7ad68092d01bbbfb1c16b1ba36", size = 454803, upload-time = "2024-09-04T20:44:15.231Z" },
    { url = "https://files.pythonhosted.org/packages/1a/df/f8d151540d8c200eb1c6fba8cd0dfd40904f1b0682ea705c36e6c2e97ab3/cffi-1.17.1-cp312-cp312-manylinux_2_17_aarch64.manylinux2014_aarch64.whl", hash = "sha256:da95af8214998d77a98cc14e3a3bd00aa191526343078b530ceb0bd710fb48a5", size = 478850, upload-time = "2024-09-04T20:44:17.188Z" },
    { url = "https://files.pythonhosted.org/packages/28/c0/b31116332a547fd2677ae5b78a2ef662dfc8023d67f41b2a83f7c2aa78b1/cffi-1.17.1-cp312-cp312-manylinux_2_17_ppc64le.manylinux2014_ppc64le.whl", hash = "sha256:d63afe322132c194cf832bfec0dc69a99fb9bb6bbd550f161a49e9e855cc78ff", size = 485729, upload-time = "2024-09-04T20:44:18.688Z" },
    { url = "https://files.pythonhosted.org/packages/91/2b/9a1ddfa5c7f13cab007a2c9cc295b70fbbda7cb10a286aa6810338e60ea1/cffi-1.17.1-cp312-cp312-manylinux_2_17_s390x.manylinux2014_s390x.whl", hash = "sha256:f79fc4fc25f1c8698ff97788206bb3c2598949bfe0fef03d299eb1b5356ada99", size = 471256, upload-time = "2024-09-04T20:44:20.248Z" },
    { url = "https://files.pythonhosted.org/packages/b2/d5/da47df7004cb17e4955df6a43d14b3b4ae77737dff8bf7f8f333196717bf/cffi-1.17.1-cp312-cp312-manylinux_2_17_x86_64.manylinux2014_x86_64.whl", hash = "sha256:b62ce867176a75d03a665bad002af8e6d54644fad99a3c70905c543130e39d93", size = 479424, upload-time = "2024-09-04T20:44:21.673Z" },
    { url = "https://files.pythonhosted.org/packages/0b/ac/2a28bcf513e93a219c8a4e8e125534f4f6db03e3179ba1c45e949b76212c/cffi-1.17.1-cp312-cp312-musllinux_1_1_aarch64.whl", hash = "sha256:386c8bf53c502fff58903061338ce4f4950cbdcb23e2902d86c0f722b786bbe3", size = 484568, upload-time = "2024-09-04T20:44:23.245Z" },
    { url = "https://files.pythonhosted.org/packages/d4/38/ca8a4f639065f14ae0f1d9751e70447a261f1a30fa7547a828ae08142465/cffi-1.17.1-cp312-cp312-musllinux_1_1_x86_64.whl", hash = "sha256:4ceb10419a9adf4460ea14cfd6bc43d08701f0835e979bf821052f1805850fe8", size = 488736, upload-time = "2024-09-04T20:44:24.757Z" },
    { url = "https://files.pythonhosted.org/packages/86/c5/28b2d6f799ec0bdecf44dced2ec5ed43e0eb63097b0f58c293583b406582/cffi-1.17.1-cp312-cp312-win32.whl", hash = "sha256:a08d7e755f8ed21095a310a693525137cfe756ce62d066e53f502a83dc550f65", size = 172448, upload-time = "2024-09-04T20:44:26.208Z" },
    { url = "https://files.pythonhosted.org/packages/50/b9/db34c4755a7bd1cb2d1603ac3863f22bcecbd1ba29e5ee841a4bc510b294/cffi-1.17.1-cp312-cp312-win_amd64.whl", hash = "sha256:51392eae71afec0d0c8fb1a53b204dbb3bcabcb3c9b807eedf3e1e6ccf2de903", size = 181976, upload-time = "2024-09-04T20:44:27.578Z" },
    { url = "https://files.pythonhosted.org/packages/8d/f8/dd6c246b148639254dad4d6803eb6a54e8c85c6e11ec9df2cffa87571dbe/cffi-1.17.1-cp313-cp313-macosx_10_13_x86_64.whl", hash = "sha256:f3a2b4222ce6b60e2e8b337bb9596923045681d71e5a082783484d845390938e", size = 182989, upload-time = "2024-09-04T20:44:28.956Z" },
    { url = "https://files.pythonhosted.org/packages/8b/f1/672d303ddf17c24fc83afd712316fda78dc6fce1cd53011b839483e1ecc8/cffi-1.17.1-cp313-cp313-macosx_11_0_arm64.whl", hash = "sha256:0984a4925a435b1da406122d4d7968dd861c1385afe3b45ba82b750f229811e2", size = 178802, upload-time = "2024-09-04T20:44:30.289Z" },
    { url = "https://files.pythonhosted.org/packages/0e/2d/eab2e858a91fdff70533cab61dcff4a1f55ec60425832ddfdc9cd36bc8af/cffi-1.17.1-cp313-cp313-manylinux_2_12_i686.manylinux2010_i686.manylinux_2_17_i686.manylinux2014_i686.whl", hash = "sha256:d01b12eeeb4427d3110de311e1774046ad344f5b1a7403101878976ecd7a10f3", size = 454792, upload-time = "2024-09-04T20:44:32.01Z" },
    { url = "https://files.pythonhosted.org/packages/75/b2/fbaec7c4455c604e29388d55599b99ebcc250a60050610fadde58932b7ee/cffi-1.17.1-cp313-cp313-manylinux_2_17_aarch64.manylinux2014_aarch64.whl", hash = "sha256:706510fe141c86a69c8ddc029c7910003a17353970cff3b904ff0686a5927683", size = 478893, upload-time = "2024-09-04T20:44:33.606Z" },
    { url = "https://files.pythonhosted.org/packages/4f/b7/6e4a2162178bf1935c336d4da8a9352cccab4d3a5d7914065490f08c0690/cffi-1.17.1-cp313-cp313-manylinux_2_17_ppc64le.manylinux2014_ppc64le.whl", hash = "sha256:de55b766c7aa2e2a3092c51e0483d700341182f08e67c63630d5b6f200bb28e5", size = 485810, upload-time = "2024-09-04T20:44:35.191Z" },
    { url = "https://files.pythonhosted.org/packages/c7/8a/1d0e4a9c26e54746dc08c2c6c037889124d4f59dffd853a659fa545f1b40/cffi-1.17.1-cp313-cp313-manylinux_2_17_s390x.manylinux2014_s390x.whl", hash = "sha256:c59d6e989d07460165cc5ad3c61f9fd8f1b4796eacbd81cee78957842b834af4", size = 471200, upload-time = "2024-09-04T20:44:36.743Z" },
    { url = "https://files.pythonhosted.org/packages/26/9f/1aab65a6c0db35f43c4d1b4f580e8df53914310afc10ae0397d29d697af4/cffi-1.17.1-cp313-cp313-manylinux_2_17_x86_64.manylinux2014_x86_64.whl", hash = "sha256:dd398dbc6773384a17fe0d3e7eeb8d1a21c2200473ee6806bb5e6a8e62bb73dd", size = 479447, upload-time = "2024-09-04T20:44:38.492Z" },
    { url = "https://files.pythonhosted.org/packages/5f/e4/fb8b3dd8dc0e98edf1135ff067ae070bb32ef9d509d6cb0f538cd6f7483f/cffi-1.17.1-cp313-cp313-musllinux_1_1_aarch64.whl", hash = "sha256:3edc8d958eb099c634dace3c7e16560ae474aa3803a5df240542b305d14e14ed", size = 484358, upload-time = "2024-09-04T20:44:40.046Z" },
    { url = "https://files.pythonhosted.org/packages/f1/47/d7145bf2dc04684935d57d67dff9d6d795b2ba2796806bb109864be3a151/cffi-1.17.1-cp313-cp313-musllinux_1_1_x86_64.whl", hash = "sha256:72e72408cad3d5419375fc87d289076ee319835bdfa2caad331e377589aebba9", size = 488469, upload-time = "2024-09-04T20:44:41.616Z" },
    { url = "https://files.pythonhosted.org/packages/bf/ee/f94057fa6426481d663b88637a9a10e859e492c73d0384514a17d78ee205/cffi-1.17.1-cp313-cp313-win32.whl", hash = "sha256:e03eab0a8677fa80d646b5ddece1cbeaf556c313dcfac435ba11f107ba117b5d", size = 172475, upload-time = "2024-09-04T20:44:43.733Z" },
    { url = "https://files.pythonhosted.org/packages/7c/fc/6a8cb64e5f0324877d503c854da15d76c1e50eb722e320b15345c4d0c6de/cffi-1.17.1-cp313-cp313-win_amd64.whl", hash = "sha256:f6a16c31041f09ead72d69f583767292f750d24913dadacf5756b966aacb3f1a", size = 182009, upload-time = "2024-09-04T20:44:45.309Z" },
    { url = "https://files.pythonhosted.org/packages/b9/ea/8bb50596b8ffbc49ddd7a1ad305035daa770202a6b782fc164647c2673ad/cffi-1.17.1-cp39-cp39-macosx_10_9_x86_64.whl", hash = "sha256:b2ab587605f4ba0bf81dc0cb08a41bd1c0a5906bd59243d56bad7668a6fc6c16", size = 182220, upload-time = "2024-09-04T20:45:01.577Z" },
    { url = "https://files.pythonhosted.org/packages/ae/11/e77c8cd24f58285a82c23af484cf5b124a376b32644e445960d1a4654c3a/cffi-1.17.1-cp39-cp39-macosx_11_0_arm64.whl", hash = "sha256:28b16024becceed8c6dfbc75629e27788d8a3f9030691a1dbf9821a128b22c36", size = 178605, upload-time = "2024-09-04T20:45:03.837Z" },
    { url = "https://files.pythonhosted.org/packages/ed/65/25a8dc32c53bf5b7b6c2686b42ae2ad58743f7ff644844af7cdb29b49361/cffi-1.17.1-cp39-cp39-manylinux_2_12_i686.manylinux2010_i686.manylinux_2_17_i686.manylinux2014_i686.whl", hash = "sha256:1d599671f396c4723d016dbddb72fe8e0397082b0a77a4fab8028923bec050e8", size = 424910, upload-time = "2024-09-04T20:45:05.315Z" },
    { url = "https://files.pythonhosted.org/packages/42/7a/9d086fab7c66bd7c4d0f27c57a1b6b068ced810afc498cc8c49e0088661c/cffi-1.17.1-cp39-cp39-manylinux_2_17_aarch64.manylinux2014_aarch64.whl", hash = "sha256:ca74b8dbe6e8e8263c0ffd60277de77dcee6c837a3d0881d8c1ead7268c9e576", size = 447200, upload-time = "2024-09-04T20:45:06.903Z" },
    { url = "https://files.pythonhosted.org/packages/da/63/1785ced118ce92a993b0ec9e0d0ac8dc3e5dbfbcaa81135be56c69cabbb6/cffi-1.17.1-cp39-cp39-manylinux_2_17_ppc64le.manylinux2014_ppc64le.whl", hash = "sha256:f7f5baafcc48261359e14bcd6d9bff6d4b28d9103847c9e136694cb0501aef87", size = 454565, upload-time = "2024-09-04T20:45:08.975Z" },
    { url = "https://files.pythonhosted.org/packages/74/06/90b8a44abf3556599cdec107f7290277ae8901a58f75e6fe8f970cd72418/cffi-1.17.1-cp39-cp39-manylinux_2_17_s390x.manylinux2014_s390x.whl", hash = "sha256:98e3969bcff97cae1b2def8ba499ea3d6f31ddfdb7635374834cf89a1a08ecf0", size = 435635, upload-time = "2024-09-04T20:45:10.64Z" },
    { url = "https://files.pythonhosted.org/packages/bd/62/a1f468e5708a70b1d86ead5bab5520861d9c7eacce4a885ded9faa7729c3/cffi-1.17.1-cp39-cp39-manylinux_2_17_x86_64.manylinux2014_x86_64.whl", hash = "sha256:cdf5ce3acdfd1661132f2a9c19cac174758dc2352bfe37d98aa7512c6b7178b3", size = 445218, upload-time = "2024-09-04T20:45:12.366Z" },
    { url = "https://files.pythonhosted.org/packages/5b/95/b34462f3ccb09c2594aa782d90a90b045de4ff1f70148ee79c69d37a0a5a/cffi-1.17.1-cp39-cp39-musllinux_1_1_aarch64.whl", hash = "sha256:9755e4345d1ec879e3849e62222a18c7174d65a6a92d5b346b1863912168b595", size = 460486, upload-time = "2024-09-04T20:45:13.935Z" },
    { url = "https://files.pythonhosted.org/packages/fc/fc/a1e4bebd8d680febd29cf6c8a40067182b64f00c7d105f8f26b5bc54317b/cffi-1.17.1-cp39-cp39-musllinux_1_1_i686.whl", hash = "sha256:f1e22e8c4419538cb197e4dd60acc919d7696e5ef98ee4da4e01d3f8cfa4cc5a", size = 437911, upload-time = "2024-09-04T20:45:15.696Z" },
    { url = "https://files.pythonhosted.org/packages/e6/c3/21cab7a6154b6a5ea330ae80de386e7665254835b9e98ecc1340b3a7de9a/cffi-1.17.1-cp39-cp39-musllinux_1_1_x86_64.whl", hash = "sha256:c03e868a0b3bc35839ba98e74211ed2b05d2119be4e8a0f224fba9384f1fe02e", size = 460632, upload-time = "2024-09-04T20:45:17.284Z" },
    { url = "https://files.pythonhosted.org/packages/cb/b5/fd9f8b5a84010ca169ee49f4e4ad6f8c05f4e3545b72ee041dbbcb159882/cffi-1.17.1-cp39-cp39-win32.whl", hash = "sha256:e31ae45bc2e29f6b2abd0de1cc3b9d5205aa847cafaecb8af1476a609a2f6eb7", size = 171820, upload-time = "2024-09-04T20:45:18.762Z" },
    { url = "https://files.pythonhosted.org/packages/8c/52/b08750ce0bce45c143e1b5d7357ee8c55341b52bdef4b0f081af1eb248c2/cffi-1.17.1-cp39-cp39-win_amd64.whl", hash = "sha256:d016c76bdd850f3c626af19b0542c9677ba156e4ee4fccfdd7848803533ef662", size = 181290, upload-time = "2024-09-04T20:45:20.226Z" },
]

[[package]]
name = "cryptography"
version = "45.0.4"
source = { registry = "https://pypi.org/simple" }
dependencies = [
    { name = "cffi", marker = "platform_python_implementation != 'PyPy'" },
]
sdist = { url = "https://files.pythonhosted.org/packages/fe/c8/a2a376a8711c1e11708b9c9972e0c3223f5fc682552c82d8db844393d6ce/cryptography-45.0.4.tar.gz", hash = "sha256:7405ade85c83c37682c8fe65554759800a4a8c54b2d96e0f8ad114d31b808d57", size = 744890, upload-time = "2025-06-10T00:03:51.297Z" }
wheels = [
    { url = "https://files.pythonhosted.org/packages/cc/1c/92637793de053832523b410dbe016d3f5c11b41d0cf6eef8787aabb51d41/cryptography-45.0.4-cp311-abi3-macosx_10_9_universal2.whl", hash = "sha256:425a9a6ac2823ee6e46a76a21a4e8342d8fa5c01e08b823c1f19a8b74f096069", size = 7055712, upload-time = "2025-06-10T00:02:38.826Z" },
    { url = "https://files.pythonhosted.org/packages/ba/14/93b69f2af9ba832ad6618a03f8a034a5851dc9a3314336a3d71c252467e1/cryptography-45.0.4-cp311-abi3-manylinux2014_aarch64.manylinux_2_17_aarch64.whl", hash = "sha256:680806cf63baa0039b920f4976f5f31b10e772de42f16310a6839d9f21a26b0d", size = 4205335, upload-time = "2025-06-10T00:02:41.64Z" },
    { url = "https://files.pythonhosted.org/packages/67/30/fae1000228634bf0b647fca80403db5ca9e3933b91dd060570689f0bd0f7/cryptography-45.0.4-cp311-abi3-manylinux2014_x86_64.manylinux_2_17_x86_64.whl", hash = "sha256:4ca0f52170e821bc8da6fc0cc565b7bb8ff8d90d36b5e9fdd68e8a86bdf72036", size = 4431487, upload-time = "2025-06-10T00:02:43.696Z" },
    { url = "https://files.pythonhosted.org/packages/6d/5a/7dffcf8cdf0cb3c2430de7404b327e3db64735747d641fc492539978caeb/cryptography-45.0.4-cp311-abi3-manylinux_2_28_aarch64.whl", hash = "sha256:f3fe7a5ae34d5a414957cc7f457e2b92076e72938423ac64d215722f6cf49a9e", size = 4208922, upload-time = "2025-06-10T00:02:45.334Z" },
    { url = "https://files.pythonhosted.org/packages/c6/f3/528729726eb6c3060fa3637253430547fbaaea95ab0535ea41baa4a6fbd8/cryptography-45.0.4-cp311-abi3-manylinux_2_28_armv7l.manylinux_2_31_armv7l.whl", hash = "sha256:25eb4d4d3e54595dc8adebc6bbd5623588991d86591a78c2548ffb64797341e2", size = 3900433, upload-time = "2025-06-10T00:02:47.359Z" },
    { url = "https://files.pythonhosted.org/packages/d9/4a/67ba2e40f619e04d83c32f7e1d484c1538c0800a17c56a22ff07d092ccc1/cryptography-45.0.4-cp311-abi3-manylinux_2_28_x86_64.whl", hash = "sha256:ce1678a2ccbe696cf3af15a75bb72ee008d7ff183c9228592ede9db467e64f1b", size = 4464163, upload-time = "2025-06-10T00:02:49.412Z" },
    { url = "https://files.pythonhosted.org/packages/7e/9a/b4d5aa83661483ac372464809c4b49b5022dbfe36b12fe9e323ca8512420/cryptography-45.0.4-cp311-abi3-manylinux_2_34_aarch64.whl", hash = "sha256:49fe9155ab32721b9122975e168a6760d8ce4cffe423bcd7ca269ba41b5dfac1", size = 4208687, upload-time = "2025-06-10T00:02:50.976Z" },
    { url = "https://files.pythonhosted.org/packages/db/b7/a84bdcd19d9c02ec5807f2ec2d1456fd8451592c5ee353816c09250e3561/cryptography-45.0.4-cp311-abi3-manylinux_2_34_x86_64.whl", hash = "sha256:2882338b2a6e0bd337052e8b9007ced85c637da19ef9ecaf437744495c8c2999", size = 4463623, upload-time = "2025-06-10T00:02:52.542Z" },
    { url = "https://files.pythonhosted.org/packages/d8/84/69707d502d4d905021cac3fb59a316344e9f078b1da7fb43ecde5e10840a/cryptography-45.0.4-cp311-abi3-musllinux_1_2_aarch64.whl", hash = "sha256:23b9c3ea30c3ed4db59e7b9619272e94891f8a3a5591d0b656a7582631ccf750", size = 4332447, upload-time = "2025-06-10T00:02:54.63Z" },
    { url = "https://files.pythonhosted.org/packages/f3/ee/d4f2ab688e057e90ded24384e34838086a9b09963389a5ba6854b5876598/cryptography-45.0.4-cp311-abi3-musllinux_1_2_x86_64.whl", hash = "sha256:b0a97c927497e3bc36b33987abb99bf17a9a175a19af38a892dc4bbb844d7ee2", size = 4572830, upload-time = "2025-06-10T00:02:56.689Z" },
    { url = "https://files.pythonhosted.org/packages/70/d4/994773a261d7ff98034f72c0e8251fe2755eac45e2265db4c866c1c6829c/cryptography-45.0.4-cp311-abi3-win32.whl", hash = "sha256:e00a6c10a5c53979d6242f123c0a97cff9f3abed7f064fc412c36dc521b5f257", size = 2932769, upload-time = "2025-06-10T00:02:58.467Z" },
    { url = "https://files.pythonhosted.org/packages/5a/42/c80bd0b67e9b769b364963b5252b17778a397cefdd36fa9aa4a5f34c599a/cryptography-45.0.4-cp311-abi3-win_amd64.whl", hash = "sha256:817ee05c6c9f7a69a16200f0c90ab26d23a87701e2a284bd15156783e46dbcc8", size = 3410441, upload-time = "2025-06-10T00:03:00.14Z" },
    { url = "https://files.pythonhosted.org/packages/ce/0b/2488c89f3a30bc821c9d96eeacfcab6ff3accc08a9601ba03339c0fd05e5/cryptography-45.0.4-cp37-abi3-macosx_10_9_universal2.whl", hash = "sha256:964bcc28d867e0f5491a564b7debb3ffdd8717928d315d12e0d7defa9e43b723", size = 7031836, upload-time = "2025-06-10T00:03:01.726Z" },
    { url = "https://files.pythonhosted.org/packages/fe/51/8c584ed426093aac257462ae62d26ad61ef1cbf5b58d8b67e6e13c39960e/cryptography-45.0.4-cp37-abi3-manylinux2014_aarch64.manylinux_2_17_aarch64.whl", hash = "sha256:6a5bf57554e80f75a7db3d4b1dacaa2764611ae166ab42ea9a72bcdb5d577637", size = 4195746, upload-time = "2025-06-10T00:03:03.94Z" },
    { url = "https://files.pythonhosted.org/packages/5c/7d/4b0ca4d7af95a704eef2f8f80a8199ed236aaf185d55385ae1d1610c03c2/cryptography-45.0.4-cp37-abi3-manylinux2014_x86_64.manylinux_2_17_x86_64.whl", hash = "sha256:46cf7088bf91bdc9b26f9c55636492c1cce3e7aaf8041bbf0243f5e5325cfb2d", size = 4424456, upload-time = "2025-06-10T00:03:05.589Z" },
    { url = "https://files.pythonhosted.org/packages/1d/45/5fabacbc6e76ff056f84d9f60eeac18819badf0cefc1b6612ee03d4ab678/cryptography-45.0.4-cp37-abi3-manylinux_2_28_aarch64.whl", hash = "sha256:7bedbe4cc930fa4b100fc845ea1ea5788fcd7ae9562e669989c11618ae8d76ee", size = 4198495, upload-time = "2025-06-10T00:03:09.172Z" },
    { url = "https://files.pythonhosted.org/packages/55/b7/ffc9945b290eb0a5d4dab9b7636706e3b5b92f14ee5d9d4449409d010d54/cryptography-45.0.4-cp37-abi3-manylinux_2_28_armv7l.manylinux_2_31_armv7l.whl", hash = "sha256:eaa3e28ea2235b33220b949c5a0d6cf79baa80eab2eb5607ca8ab7525331b9ff", size = 3885540, upload-time = "2025-06-10T00:03:10.835Z" },
    { url = "https://files.pythonhosted.org/packages/7f/e3/57b010282346980475e77d414080acdcb3dab9a0be63071efc2041a2c6bd/cryptography-45.0.4-cp37-abi3-manylinux_2_28_x86_64.whl", hash = "sha256:7ef2dde4fa9408475038fc9aadfc1fb2676b174e68356359632e980c661ec8f6", size = 4452052, upload-time = "2025-06-10T00:03:12.448Z" },
    { url = "https://files.pythonhosted.org/packages/37/e6/ddc4ac2558bf2ef517a358df26f45bc774a99bf4653e7ee34b5e749c03e3/cryptography-45.0.4-cp37-abi3-manylinux_2_34_aarch64.whl", hash = "sha256:6a3511ae33f09094185d111160fd192c67aa0a2a8d19b54d36e4c78f651dc5ad", size = 4198024, upload-time = "2025-06-10T00:03:13.976Z" },
    { url = "https://files.pythonhosted.org/packages/3a/c0/85fa358ddb063ec588aed4a6ea1df57dc3e3bc1712d87c8fa162d02a65fc/cryptography-45.0.4-cp37-abi3-manylinux_2_34_x86_64.whl", hash = "sha256:06509dc70dd71fa56eaa138336244e2fbaf2ac164fc9b5e66828fccfd2b680d6", size = 4451442, upload-time = "2025-06-10T00:03:16.248Z" },
    { url = "https://files.pythonhosted.org/packages/33/67/362d6ec1492596e73da24e669a7fbbaeb1c428d6bf49a29f7a12acffd5dc/cryptography-45.0.4-cp37-abi3-musllinux_1_2_aarch64.whl", hash = "sha256:5f31e6b0a5a253f6aa49be67279be4a7e5a4ef259a9f33c69f7d1b1191939872", size = 4325038, upload-time = "2025-06-10T00:03:18.4Z" },
    { url = "https://files.pythonhosted.org/packages/53/75/82a14bf047a96a1b13ebb47fb9811c4f73096cfa2e2b17c86879687f9027/cryptography-45.0.4-cp37-abi3-musllinux_1_2_x86_64.whl", hash = "sha256:944e9ccf67a9594137f942d5b52c8d238b1b4e46c7a0c2891b7ae6e01e7c80a4", size = 4560964, upload-time = "2025-06-10T00:03:20.06Z" },
    { url = "https://files.pythonhosted.org/packages/cd/37/1a3cba4c5a468ebf9b95523a5ef5651244693dc712001e276682c278fc00/cryptography-45.0.4-cp37-abi3-win32.whl", hash = "sha256:c22fe01e53dc65edd1945a2e6f0015e887f84ced233acecb64b4daadb32f5c97", size = 2924557, upload-time = "2025-06-10T00:03:22.563Z" },
    { url = "https://files.pythonhosted.org/packages/2a/4b/3256759723b7e66380397d958ca07c59cfc3fb5c794fb5516758afd05d41/cryptography-45.0.4-cp37-abi3-win_amd64.whl", hash = "sha256:627ba1bc94f6adf0b0a2e35d87020285ead22d9f648c7e75bb64f367375f3b22", size = 3395508, upload-time = "2025-06-10T00:03:24.586Z" },
    { url = "https://files.pythonhosted.org/packages/16/33/b38e9d372afde56906a23839302c19abdac1c505bfb4776c1e4b07c3e145/cryptography-45.0.4-pp310-pypy310_pp73-macosx_10_9_x86_64.whl", hash = "sha256:a77c6fb8d76e9c9f99f2f3437c1a4ac287b34eaf40997cfab1e9bd2be175ac39", size = 3580103, upload-time = "2025-06-10T00:03:26.207Z" },
    { url = "https://files.pythonhosted.org/packages/c4/b9/357f18064ec09d4807800d05a48f92f3b369056a12f995ff79549fbb31f1/cryptography-45.0.4-pp310-pypy310_pp73-manylinux_2_28_aarch64.whl", hash = "sha256:7aad98a25ed8ac917fdd8a9c1e706e5a0956e06c498be1f713b61734333a4507", size = 4143732, upload-time = "2025-06-10T00:03:27.896Z" },
    { url = "https://files.pythonhosted.org/packages/c4/9c/7f7263b03d5db329093617648b9bd55c953de0b245e64e866e560f9aac07/cryptography-45.0.4-pp310-pypy310_pp73-manylinux_2_28_x86_64.whl", hash = "sha256:3530382a43a0e524bc931f187fc69ef4c42828cf7d7f592f7f249f602b5a4ab0", size = 4385424, upload-time = "2025-06-10T00:03:29.992Z" },
    { url = "https://files.pythonhosted.org/packages/a6/5a/6aa9d8d5073d5acc0e04e95b2860ef2684b2bd2899d8795fc443013e263b/cryptography-45.0.4-pp310-pypy310_pp73-manylinux_2_34_aarch64.whl", hash = "sha256:6b613164cb8425e2f8db5849ffb84892e523bf6d26deb8f9bb76ae86181fa12b", size = 4142438, upload-time = "2025-06-10T00:03:31.782Z" },
    { url = "https://files.pythonhosted.org/packages/42/1c/71c638420f2cdd96d9c2b287fec515faf48679b33a2b583d0f1eda3a3375/cryptography-45.0.4-pp310-pypy310_pp73-manylinux_2_34_x86_64.whl", hash = "sha256:96d4819e25bf3b685199b304a0029ce4a3caf98947ce8a066c9137cc78ad2c58", size = 4384622, upload-time = "2025-06-10T00:03:33.491Z" },
    { url = "https://files.pythonhosted.org/packages/ef/ab/e3a055c34e97deadbf0d846e189237d3385dca99e1a7e27384c3b2292041/cryptography-45.0.4-pp310-pypy310_pp73-win_amd64.whl", hash = "sha256:b97737a3ffbea79eebb062eb0d67d72307195035332501722a9ca86bab9e3ab2", size = 3328911, upload-time = "2025-06-10T00:03:35.035Z" },
    { url = "https://files.pythonhosted.org/packages/ea/ba/cf442ae99ef363855ed84b39e0fb3c106ac66b7a7703f3c9c9cfe05412cb/cryptography-45.0.4-pp311-pypy311_pp73-macosx_10_9_x86_64.whl", hash = "sha256:4828190fb6c4bcb6ebc6331f01fe66ae838bb3bd58e753b59d4b22eb444b996c", size = 3590512, upload-time = "2025-06-10T00:03:36.982Z" },
    { url = "https://files.pythonhosted.org/packages/28/9a/a7d5bb87d149eb99a5abdc69a41e4e47b8001d767e5f403f78bfaafc7aa7/cryptography-45.0.4-pp311-pypy311_pp73-manylinux_2_28_aarch64.whl", hash = "sha256:03dbff8411206713185b8cebe31bc5c0eb544799a50c09035733716b386e61a4", size = 4146899, upload-time = "2025-06-10T00:03:38.659Z" },
    { url = "https://files.pythonhosted.org/packages/17/11/9361c2c71c42cc5c465cf294c8030e72fb0c87752bacbd7a3675245e3db3/cryptography-45.0.4-pp311-pypy311_pp73-manylinux_2_28_x86_64.whl", hash = "sha256:51dfbd4d26172d31150d84c19bbe06c68ea4b7f11bbc7b3a5e146b367c311349", size = 4388900, upload-time = "2025-06-10T00:03:40.233Z" },
    { url = "https://files.pythonhosted.org/packages/c0/76/f95b83359012ee0e670da3e41c164a0c256aeedd81886f878911581d852f/cryptography-45.0.4-pp311-pypy311_pp73-manylinux_2_34_aarch64.whl", hash = "sha256:0339a692de47084969500ee455e42c58e449461e0ec845a34a6a9b9bf7df7fb8", size = 4146422, upload-time = "2025-06-10T00:03:41.827Z" },
    { url = "https://files.pythonhosted.org/packages/09/ad/5429fcc4def93e577a5407988f89cf15305e64920203d4ac14601a9dc876/cryptography-45.0.4-pp311-pypy311_pp73-manylinux_2_34_x86_64.whl", hash = "sha256:0cf13c77d710131d33e63626bd55ae7c0efb701ebdc2b3a7952b9b23a0412862", size = 4388475, upload-time = "2025-06-10T00:03:43.493Z" },
    { url = "https://files.pythonhosted.org/packages/99/49/0ab9774f64555a1b50102757811508f5ace451cf5dc0a2d074a4b9deca6a/cryptography-45.0.4-pp311-pypy311_pp73-win_amd64.whl", hash = "sha256:bbc505d1dc469ac12a0a064214879eac6294038d6b24ae9f71faae1448a9608d", size = 3337594, upload-time = "2025-06-10T00:03:45.523Z" },
]

[[package]]
name = "lzallright"
version = "0.2.5"
source = { registry = "https://pypi.org/simple" }
sdist = { url = "https://files.pythonhosted.org/packages/57/fe/d7bc5efaf4ac0648cc9f0ce2007b7eb9f1593b76b30c3e095e2e001fbe0d/lzallright-0.2.5.tar.gz", hash = "sha256:e467cb21b58669c1d2f00ba714230ec8133c302e52006038186098ffd02fafd7", size = 64658, upload-time = "2024-11-18T23:23:51.967Z" }
wheels = [
    { url = "https://files.pythonhosted.org/packages/ad/f3/e2f8b5c02ecbc7079ec33c103680e5e207d4f2b9ba3a6732aabb6ed296e6/lzallright-0.2.5-cp38-abi3-macosx_10_12_x86_64.whl", hash = "sha256:825cd3761d95f8a443dadb31735efe161026a3bb5ee1634fd5a4e63ee0c72290", size = 250739, upload-time = "2024-11-18T23:23:37.832Z" },
    { url = "https://files.pythonhosted.org/packages/7b/70/8a829f1824b4654a73b57563b4b68d420a279c54a2cf6b1ba83122566ef5/lzallright-0.2.5-cp38-abi3-macosx_11_0_arm64.whl", hash = "sha256:bd1a248f7af1bd98772768c34d568eb198308d41b1675e7bbdddcad0e898a856", size = 243918, upload-time = "2024-11-18T23:23:39.157Z" },
    { url = "https://files.pythonhosted.org/packages/30/f1/e12f0f13c4f51632669c6e9c8a6d92ab40b89237954a52231f4c6090014a/lzallright-0.2.5-cp38-abi3-manylinux_2_17_aarch64.manylinux2014_aarch64.whl", hash = "sha256:77bb5e62bd126909aa3b60fc1ca352ee909d24d9d73f90a8633eaba7627a7896", size = 493922, upload-time = "2024-11-18T23:23:40.835Z" },
    { url = "https://files.pythonhosted.org/packages/c1/22/ba3da16938657949ea59d45e652925a64870e8b3a99b586adc4200fc0167/lzallright-0.2.5-cp38-abi3-manylinux_2_17_x86_64.manylinux2014_x86_64.whl", hash = "sha256:85928e0a2a32c95d47506555e07a5eb96c0316258442f9c2bacc501574e4fcf6", size = 498377, upload-time = "2024-11-18T23:23:42.622Z" },
    { url = "https://files.pythonhosted.org/packages/fc/82/99de07312303e0ed2d9387e52c21e6abc48603c149f9c2caf1eec0e1c36a/lzallright-0.2.5-cp38-abi3-manylinux_2_5_i686.manylinux1_i686.whl", hash = "sha256:c4f23e1c55947a5aa67dbf8f78ef590876c23cae130a3cbbaca862a65ec9c19a", size = 530323, upload-time = "2024-11-18T23:23:43.748Z" },
    { url = "https://files.pythonhosted.org/packages/d2/a1/02fa89513d488d3546b95eb74111b6264e71342b40bc4e60813b82cc49a4/lzallright-0.2.5-cp38-abi3-musllinux_1_1_aarch64.whl", hash = "sha256:7585ac3e2c2b7a82480c9498f4ea0f7152ace2d328dd43faf30bb2c18d3ca9c3", size = 487873, upload-time = "2024-11-18T23:23:45.507Z" },
    { url = "https://files.pythonhosted.org/packages/d3/9e/ec96938e9530b728b0b5267ec57a9f1f8c4baf6307439f2a392bfd70daa8/lzallright-0.2.5-cp38-abi3-musllinux_1_1_x86_64.whl", hash = "sha256:68b570361fe56d036f9110cd64f47d9303020a3e6d2d4cf8efb6986669cfcf3c", size = 479411, upload-time = "2024-11-18T23:23:47.85Z" },
    { url = "https://files.pythonhosted.org/packages/14/c6/b34b70010414bbc5d83048a854e9c865f541eb74fde960d9bc31e3d86dfe/lzallright-0.2.5-cp38-abi3-win32.whl", hash = "sha256:cce0d98146c6c2eac4b07b0174f78e2a2633925d55f553f4efc5b7c6eea01627", size = 134455, upload-time = "2024-11-18T23:23:49.389Z" },
    { url = "https://files.pythonhosted.org/packages/3f/cb/a75dcbd295733721fe50e4b7021f78fd98321fdd477f093bb8ce6848fe79/lzallright-0.2.5-cp38-abi3-win_amd64.whl", hash = "sha256:0d95c33137e7c1f38129c2e746fb6a5d079bf2112a264b141fd7eebc39923290", size = 141483, upload-time = "2024-11-18T23:23:50.317Z" },
]

[[package]]
name = "pycparser"
version = "2.22"
source = { registry = "https://pypi.org/simple" }
sdist = { url = "https://files.pythonhosted.org/packages/1d/b2/31537cf4b1ca988837256c910a668b553fceb8f069bedc4b1c826024b52c/pycparser-2.22.tar.gz", hash = "sha256:491c8be9c040f5390f5bf44a5b07752bd07f56edf992381b05c701439eec10f6", size = 172736, upload-time = "2024-03-30T13:22:22.564Z" }
wheels = [
    { url = "https://files.pythonhosted.org/packages/13/a3/a812df4e2dd5696d1f351d58b8fe16a405b234ad2886a0dab9183fb78109/pycparser-2.22-py3-none-any.whl", hash = "sha256:c3702b6d3dd8c7abc1afa565d7e63d53a1d0bd86cdc24edd75470f4de499cfcc", size = 117552, upload-time = "2024-03-30T13:22:20.476Z" },
]

[[package]]
name = "ubi-reader"
version = "0.8.12"
source = { editable = "." }
dependencies = [
    { name = "cryptography" },
    { name = "lzallright" },
]

[package.metadata]
requires-dist = [
    { name = "cryptography", specifier = ">=44.0.2" },
    { name = "lzallright", specifier = ">=0.2.1" },
]
